<?xml version="1.0" encoding="utf-8"?>
<Project ToolsVersion="4.0" xmlns="http://schemas.microsoft.com/developer/msbuild/2003">
  <ItemGroup>
    <Filter Include="源文件">
      <UniqueIdentifier>{4FC737F1-C7A5-4376-A066-2A32D752A2FF}</UniqueIdentifier>
      <Extensions>cpp;c;cc;cxx;def;odl;idl;hpj;bat;asm;asmx</Extensions>
    </Filter>
    <Filter Include="头文件">
      <UniqueIdentifier>{93995380-89BD-4b04-88EB-625FBE52EBFB}</UniqueIdentifier>
      <Extensions>h;hh;hpp;hxx;hm;inl;inc;xsd</Extensions>
    </Filter>
    <Filter Include="资源文件">
      <UniqueIdentifier>{67DA6AB6-F800-4c08-8B7A-83BB121AAD01}</UniqueIdentifier>
      <Extensions>rc;ico;cur;bmp;dlg;rc2;rct;bin;rgs;gif;jpg;jpeg;jpe;resx;tiff;tif;png;wav;mfcribbon-ms</Extensions>
    </Filter>
    <Filter Include="头文件\Client">
      <UniqueIdentifier>{bac22dad-778d-4429-9b56-04a84c3ed87a}</UniqueIdentifier>
    </Filter>
    <Filter Include="源文件\Client">
      <UniqueIdentifier>{0802ca69-6162-469e-a8a7-49d18b4d855f}</UniqueIdentifier>
    </Filter>
    <Filter Include="头文件\Client\Chart">
      <UniqueIdentifier>{043e6642-1bc5-4966-a267-0ebbbf328519}</UniqueIdentifier>
    </Filter>
    <Filter Include="源文件\Client\Chart">
      <UniqueIdentifier>{90be1dd9-ccf9-4484-9f65-660afe92fc52}</UniqueIdentifier>
    </Filter>
    <Filter Include="头文件\Socket">
      <UniqueIdentifier>{7319c6f6-7304-4939-a3c9-22cc97f25694}</UniqueIdentifier>
    </Filter>
    <Filter Include="源文件\Socket">
      <UniqueIdentifier>{ee6a1fad-2d21-408a-915e-b9945a8503e6}</UniqueIdentifier>
    </Filter>
    <Filter Include="头文件\Serialization">
      <UniqueIdentifier>{b00c9fad-adab-42e6-9e1a-16464799d6cf}</UniqueIdentifier>
    </Filter>
    <Filter Include="源文件\Serialization">
      <UniqueIdentifier>{580f004d-2ba8-49ef-a3b3-681268d57a36}</UniqueIdentifier>
    </Filter>
  </ItemGroup>
  <ItemGroup>
    <Text Include="ReadMe.txt" />
  </ItemGroup>
  <ItemGroup>
    <ClInclude Include="stdafx.h">
      <Filter>头文件</Filter>
    </ClInclude>
    <ClInclude Include="targetver.h">
      <Filter>头文件</Filter>
    </ClInclude>
    <ClInclude Include="Sy_Clent.h">
      <Filter>头文件\Client</Filter>
    </ClInclude>
    <ClInclude Include="chat_client.h">
      <Filter>头文件\Client\Chart</Filter>
    </ClInclude>
    <ClInclude Include="chat_message.h">
      <Filter>头文件\Client\Chart</Filter>
    </ClInclude>
    <ClInclude Include="Local_Socket_Client.h">
      <Filter>头文件\Socket</Filter>
    </ClInclude>
    <ClInclude Include="stock.h">
      <Filter>头文件\Serialization</Filter>
    </ClInclude>
    <ClInclude Include="connection.h">
      <Filter>头文件\Serialization</Filter>
    </ClInclude>
    <ClInclude Include="Serialization_client.h">
      <Filter>头文件\Serialization</Filter>
    </ClInclude>
  </ItemGroup>
  <ItemGroup>
    <ClCompile Include="stdafx.cpp">
      <Filter>源文件</Filter>
    </ClCompile>
    <ClCompile Include="Boost_Asio_Client.cpp">
      <Filter>源文件</Filter>
    </ClCompile>
    <ClCompile Include="Sy_Clent.cpp">
      <Filter>源文件\Client</Filter>
    </ClCompile>
    <ClCompile Include="chat_client.cpp">
      <Filter>源文件\Client\Chart</Filter>
    </ClCompile>
    <ClCompile Include="Local_Socket_Client.cpp">
      <Filter>源文件\Socket</Filter>
    </ClCompile>
    <ClCompile Include="Serialization_client.cpp">
      <Filter>源文件\Serialization</Filter>
    </ClCompile>
  </ItemGroup>
</Project>